
Microsoft Visual Studio Solution File, Format Version 12.00
# Visual Studio Version 16
VisualStudioVersion = 16.0.30204.135
MinimumVisualStudioVersion = 10.0.40219.1
Project("{FAE04EC0-301F-11D3-BF4B-00C04F79EFBC}") = "DatesAndTimes", "DatesAndTimes\DatesAndTimes.csproj", "{DEF55595-52DE-4C68-AD4A-EC1284920B96}"
EndProject
Global
	GlobalSection(SolutionConfigurationPlatforms) = preSolution
		Debug|Any CPU = Debug|Any CPU
		Release|Any CPU = Release|Any CPU
	EndGlobalSection
	GlobalSection(ProjectConfigurationPlatforms) = postSolution
		{DEF55595-52DE-4C68-AD4A-EC1284920B96}.Debug|Any CPU.ActiveCfg = Debug|Any CPU
		{DEF55595-52DE-4C68-AD4A-EC1284920B96}.Debug|Any CPU.Build.0 = Debug|Any CPU
		{DEF55595-52DE-4C68-AD4A-EC1284920B96}.Release|Any CPU.ActiveCfg = Release|Any CPU
		{DEF55595-52DE-4C68-AD4A-EC1284920B96}.Release|Any CPU.Build.0 = Release|Any CPU
	EndGlobalSection
	GlobalSection(SolutionProperties) = preSolution
		HideSolutionNode = FALSE
	EndGlobalSection
	GlobalSection(ExtensibilityGlobals) = postSolution
		SolutionGuid = {2051720B-2539-4614-9B2B-7F2E03E78FBD}
	EndGlobalSection
EndGlobal
