
Microsoft Visual Studio Solution File, Format Version 12.00
# Visual Studio Version 16
VisualStudioVersion = 16.0.30204.135
MinimumVisualStudioVersion = 10.0.40219.1
Project("{FAE04EC0-301F-11D3-BF4B-00C04F79EFBC}") = "ConstantsEnums", "ConstantsEnums\ConstantsEnums.csproj", "{CCE23212-FC83-40AF-86D0-FF9F9DFEB3D3}"
EndProject
Global
	GlobalSection(SolutionConfigurationPlatforms) = preSolution
		Debug|Any CPU = Debug|Any CPU
		Release|Any CPU = Release|Any CPU
	EndGlobalSection
	GlobalSection(ProjectConfigurationPlatforms) = postSolution
		{CCE23212-FC83-40AF-86D0-FF9F9DFEB3D3}.Debug|Any CPU.ActiveCfg = Debug|Any CPU
		{CCE23212-FC83-40AF-86D0-FF9F9DFEB3D3}.Debug|Any CPU.Build.0 = Debug|Any CPU
		{CCE23212-FC83-40AF-86D0-FF9F9DFEB3D3}.Release|Any CPU.ActiveCfg = Release|Any CPU
		{CCE23212-FC83-40AF-86D0-FF9F9DFEB3D3}.Release|Any CPU.Build.0 = Release|Any CPU
	EndGlobalSection
	GlobalSection(SolutionProperties) = preSolution
		HideSolutionNode = FALSE
	EndGlobalSection
	GlobalSection(ExtensibilityGlobals) = postSolution
		SolutionGuid = {4E40B160-3113-46BA-8069-14569D31535B}
	EndGlobalSection
EndGlobal
